{
  "name": "CCC-FindPath",
  "lockfileVersion": 3,
  "requires": true,
  "packages": {
    "": {
      "dependencies": {
        "@types/earcut": "^2.1.4",
        "earcut": "^2.2.4"
      }
    },
    "node_modules/@types/earcut": {
      "version": "2.1.4",
      "resolved": "https://registry.npmjs.org/@types/earcut/-/earcut-2.1.4.tgz",
      "integrity": "sha512-qp3m9PPz4gULB9MhjGID7wpo3gJ4bTGXm7ltNDsmOvsPduTeHp8wSW9YckBj3mljeOh4F0m2z/0JKAALRKbmLQ=="
    },
    "node_modules/earcut": {
      "version": "2.2.4",
      "resolved": "https://registry.npmmirror.com/earcut/-/earcut-2.2.4.tgz",
      "integrity": "sha512-/pjZsA1b4RPHbeWZQn66SWS8nZZWLQQ23oE3Eam7aroEFGEvwKAsJfZ9ytiEMycfzXWpca4FA9QIOehf7PocBQ=="
    }
  }
}
